
Microsoft Visual Studio Solution File, Format Version 12.00
# Visual Studio Version 16
VisualStudioVersion = 16.0.30413.136
MinimumVisualStudioVersion = 10.0.40219.1
Project("{FAE04EC0-301F-11D3-BF4B-00C04F79EFBC}") = "ConfigApi", "ConfigApi.csproj", "{0F5E6C9E-2E88-4A80-9AF6-3B84D19E9642}"
EndProject
Global
	GlobalSection(SolutionConfigurationPlatforms) = preSolution
		Debug|Any CPU = Debug|Any CPU
		Release|Any CPU = Release|Any CPU
	EndGlobalSection
	GlobalSection(ProjectConfigurationPlatforms) = postSolution
		{0F5E6C9E-2E88-4A80-9AF6-3B84D19E9642}.Debug|Any CPU.ActiveCfg = Debug|Any CPU
		{0F5E6C9E-2E88-4A80-9AF6-3B84D19E9642}.Debug|Any CPU.Build.0 = Debug|Any CPU
		{0F5E6C9E-2E88-4A80-9AF6-3B84D19E9642}.Release|Any CPU.ActiveCfg = Release|Any CPU
		{0F5E6C9E-2E88-4A80-9AF6-3B84D19E9642}.Release|Any CPU.Build.0 = Release|Any CPU
	EndGlobalSection
	GlobalSection(SolutionProperties) = preSolution
		HideSolutionNode = FALSE
	EndGlobalSection
	GlobalSection(ExtensibilityGlobals) = postSolution
		SolutionGuid = {D44F0A9F-F835-405C-8D48-0FBA80DA5301}
	EndGlobalSection
EndGlobal
